lockfileVersion: '9.0'

settings:
  autoInstallPeers: true
  excludeLinksFromLockfile: false

overrides:
  '@vercel/nft': ^0.27.4
  '@types/node': ^22.18.6
  '@sentry/vue': 9.46.0

importers:

  .:
    dependencies:
      husky:
        specifier: ^9.1.7
        version: 9.1.7
    devDependencies:
      turbo:
        specifier: ^2.8.12
        version: 2.8.12

packages:

  husky@9.1.7:
    resolution: {integrity: sha512-5gs5ytaNjBrh5Ow3zrvdUUY+0VxIuWVL4i9irt6friV+BqdCfmV11CQTWMiBYWHbXhco+J1kHfTOUkePhCDvMA==}
    engines: {node: '>=18'}
    hasBin: true

  turbo-darwin-64@2.8.12:
    resolution: {integrity: sha512-EiHJmW2MeQQx+21x8hjMHw/uPhXt9PIxvDrxzOtyVwrXzL0tQmsxtO4qHf2l7uA+K6PUJ4+TjY1MHZDuCvWXrw==}
    cpu: [x64]
    os: [darwin]

  turbo-darwin-arm64@2.8.12:
    resolution: {integrity: sha512-cbqqGN0vd7ly2TeuaM8k9AK9u1CABO4kBA5KPSqovTiLL3sORccn/mZzJSbvQf0EsYRfU34MgW5FotfwW3kx8Q==}
    cpu: [arm64]
    os: [darwin]

  turbo-linux-64@2.8.12:
    resolution: {integrity: sha512-jXKw9j4r4q6s0goSXuKI3aKbQK2qiNeP25lGGEnq018TM6SWRW1CCpPMxyG91aCKrub7wDm/K45sGNT4ZFBcFQ==}
    cpu: [x64]
    os: [linux]

  turbo-linux-arm64@2.8.12:
    resolution: {integrity: sha512-BRJCMdyXjyBoL0GYpvj9d2WNfMHwc3tKmJG5ATn2Efvil9LsiOsd/93/NxDqW0jACtHFNVOPnd/CBwXRPiRbwA==}
    cpu: [arm64]
    os: [linux]

  turbo-windows-64@2.8.12:
    resolution: {integrity: sha512-vyFOlpFFzQFkikvSVhVkESEfzIopgs2J7J1rYvtSwSHQ4zmHxkC95Q8Kjkus8gg+8X2mZyP1GS5jirmaypGiPw==}
    cpu: [x64]
    os: [win32]

  turbo-windows-arm64@2.8.12:
    resolution: {integrity: sha512-9nRnlw5DF0LkJClkIws1evaIF36dmmMEO84J5Uj4oQ8C0QTHwlH7DNe5Kq2Jdmu8GXESCNDNuUYG8Cx6W/vm3g==}
    cpu: [arm64]
    os: [win32]

  turbo@2.8.12:
    resolution: {integrity: sha512-auUAMLmi0eJhxDhQrxzvuhfEbICnVt0CTiYQYY8WyRJ5nwCDZxD0JG8bCSxT4nusI2CwJzmZAay5BfF6LmK7Hw==}
    hasBin: true

snapshots:

  husky@9.1.7: {}

  turbo-darwin-64@2.8.12:
    optional: true

  turbo-darwin-arm64@2.8.12:
    optional: true

  turbo-linux-64@2.8.12:
    optional: true

  turbo-linux-arm64@2.8.12:
    optional: true

  turbo-windows-64@2.8.12:
    optional: true

  turbo-windows-arm64@2.8.12:
    optional: true

  turbo@2.8.12:
    optionalDependencies:
      turbo-darwin-64: 2.8.12
      turbo-darwin-arm64: 2.8.12
      turbo-linux-64: 2.8.12
      turbo-linux-arm64: 2.8.12
      turbo-windows-64: 2.8.12
      turbo-windows-arm64: 2.8.12
