lockfileVersion: '9.0'

settings:
  autoInstallPeers: true
  excludeLinksFromLockfile: false

importers:

  .:
    dependencies:
      husky:
        specifier: ^9.1.7
        version: 9.1.7
    devDependencies:
      turbo:
        specifier: ^2.10.0
        version: 2.10.0

packages:

  '@turbo/darwin-64@2.10.0':
    resolution: {integrity: sha512-EwvHThXzpY0KGd1/NAmuewI5D+aVa3Rl/OlxE36yfjUKb/+ySrfJrSlEFt8aD1OXwnnaHnQnPKHFndor0Zxlsg==}
    cpu: [x64]
    os: [darwin]

  '@turbo/darwin-arm64@2.10.0':
    resolution: {integrity: sha512-9d2fTyyG0lf5Wq1bwJA9qUaeecViMkLcdctWaMMmCkxZ/JqypmqOwK3W6vmejeKVgkr06gSoiX8bD+xN5Jpxcg==}
    cpu: [arm64]
    os: [darwin]

  '@turbo/linux-64@2.10.0':
    resolution: {integrity: sha512-sZBtjMuufitanjzi6UssoUpJMnnPlLMcdcJj3m3ptNsSq31Xh7MnjhwA5nWvLDTfEFg8GPcbYFXMo8vSdKRfqQ==}
    cpu: [x64]
    os: [linux]

  '@turbo/linux-arm64@2.10.0':
    resolution: {integrity: sha512-vkq/Z8R+1DQ+kifWFa810IjRy2NNBVvha3cg9sWA3nFh6nnGrHSMnnJKrzH7c/No9kq4Jb55Ru44YKsCSBgrKg==}
    cpu: [arm64]
    os: [linux]

  '@turbo/windows-64@2.10.0':
    resolution: {integrity: sha512-CRUEguLWxFQHptYZS7HjPhNhAFawfea07iR+xAQ5e4klgLrPCMdexBkXwSCwOxqTFknJ7RZFN3gOaADsw+Gttg==}
    cpu: [x64]
    os: [win32]

  '@turbo/windows-arm64@2.10.0':
    resolution: {integrity: sha512-dVHGaf9F8twzgibcBqKoADT/LLqf9++jDb+hq/LPWWaOmRpp4M+/pVOm7vy4z9D++xg8eaxWLT0+wQxFwhYu9A==}
    cpu: [arm64]
    os: [win32]

  husky@9.1.7:
    resolution: {integrity: sha512-5gs5ytaNjBrh5Ow3zrvdUUY+0VxIuWVL4i9irt6friV+BqdCfmV11CQTWMiBYWHbXhco+J1kHfTOUkePhCDvMA==}
    engines: {node: '>=18'}
    hasBin: true

  turbo@2.10.0:
    resolution: {integrity: sha512-o016H9PPtuH2deb3mh3Vci3Avfi9UYgM/RONQisY7HnloupP0IFSbFS3gFYJgFJP8nwBrByHWFQIDa8T2zIXPw==}
    hasBin: true

snapshots:

  '@turbo/darwin-64@2.10.0':
    optional: true

  '@turbo/darwin-arm64@2.10.0':
    optional: true

  '@turbo/linux-64@2.10.0':
    optional: true

  '@turbo/linux-arm64@2.10.0':
    optional: true

  '@turbo/windows-64@2.10.0':
    optional: true

  '@turbo/windows-arm64@2.10.0':
    optional: true

  husky@9.1.7: {}

  turbo@2.10.0:
    optionalDependencies:
      '@turbo/darwin-64': 2.10.0
      '@turbo/darwin-arm64': 2.10.0
      '@turbo/linux-64': 2.10.0
      '@turbo/linux-arm64': 2.10.0
      '@turbo/windows-64': 2.10.0
      '@turbo/windows-arm64': 2.10.0
