lockfileVersion: '9.0'

settings:
  autoInstallPeers: true
  excludeLinksFromLockfile: false

importers:

  .:
    dependencies:
      dotenv:
        specifier: ^16.6.1
        version: 16.6.1
      mariadb:
        specifier: ^3.5.2
        version: 3.5.2
      ~prisma-schemas:
        specifier: workspace:*
        version: link:../../packages/prisma-schemas
    devDependencies:
      '@types/bun':
        specifier: latest
        version: 1.3.11
      '@types/node':
        specifier: ^24.12.0
        version: 24.12.0
      typescript:
        specifier: ^6.0.2
        version: 6.0.2

packages:

  '@types/bun@1.3.11':
    resolution: {integrity: sha512-5vPne5QvtpjGpsGYXiFyycfpDF2ECyPcTSsFBMa0fraoxiQyMJ3SmuQIGhzPg2WJuWxVBoxWJ2kClYTcw/4fAg==}

  '@types/geojson@7946.0.16':
    resolution: {integrity: sha512-6C8nqWur3j98U6+lXDfTUWIfgvZU+EumvpHKcYjujKH7woYyLj2sUmff0tRhrqM7BohUw7Pz3ZB1jj2gW9Fvmg==}

  '@types/node@24.12.0':
    resolution: {integrity: sha512-GYDxsZi3ChgmckRT9HPU0WEhKLP08ev/Yfcq2AstjrDASOYCSXeyjDsHg4v5t4jOj7cyDX3vmprafKlWIG9MXQ==}

  bun-types@1.3.11:
    resolution: {integrity: sha512-1KGPpoxQWl9f6wcZh57LvrPIInQMn2TQ7jsgxqpRzg+l0QPOFvJVH7HmvHo/AiPgwXy+/Thf6Ov3EdVn1vOabg==}

  denque@2.1.0:
    resolution: {integrity: sha512-HVQE3AAb/pxF8fQAoiqpvg9i3evqug3hoiwakOyZAwJm+6vZehbkYXZ0l4JxS+I3QxM97v5aaRNhj8v5oBhekw==}
    engines: {node: '>=0.10'}

  dotenv@16.6.1:
    resolution: {integrity: sha512-uBq4egWHTcTt33a72vpSG0z3HnPuIl6NqYcTrKEg2azoEyl2hpW0zqlxysq2pK9HlDIHyHyakeYaYnSAwd8bow==}
    engines: {node: '>=12'}

  iconv-lite@0.7.2:
    resolution: {integrity: sha512-im9DjEDQ55s9fL4EYzOAv0yMqmMBSZp6G0VvFyTMPKWxiSBHUj9NW/qqLmXUwXrrM7AvqSlTCfvqRb0cM8yYqw==}
    engines: {node: '>=0.10.0'}

  lru-cache@10.4.3:
    resolution: {integrity: sha512-JNAzZcXrCt42VGLuYz0zfAzDfAvJWW6AfYlDBQyDV5DClI2m5sAmK+OIO7s59XfsRsWHp02jAJrRadPRGTt6SQ==}

  mariadb@3.5.2:
    resolution: {integrity: sha512-9rztrI4nouxAY/82a+RlzzZ5ie2vxu2eYclkBvTy1ATXH1B9cnvZ0O71Pzsy/mlfDb5P3HhOg0JzQKkDRhctyA==}
    engines: {node: '>= 18'}

  safer-buffer@2.1.2:
    resolution: {integrity: sha512-YZo3K82SD7Riyi0E1EQPojLz7kpepnSQI9IyPbHHg1XXXevb5dJI7tpyN2ADxGcQbHG7vcyRHk0cbwqcQriUtg==}

  typescript@6.0.2:
    resolution: {integrity: sha512-bGdAIrZ0wiGDo5l8c++HWtbaNCWTS4UTv7RaTH/ThVIgjkveJt83m74bBHMJkuCbslY8ixgLBVZJIOiQlQTjfQ==}
    engines: {node: '>=14.17'}
    hasBin: true

  undici-types@7.16.0:
    resolution: {integrity: sha512-Zz+aZWSj8LE6zoxD+xrjh4VfkIG8Ya6LvYkZqtUQGJPZjYl53ypCaUwWqo7eI0x66KBGeRo+mlBEkMSeSZ38Nw==}

snapshots:

  '@types/bun@1.3.11':
    dependencies:
      bun-types: 1.3.11

  '@types/geojson@7946.0.16': {}

  '@types/node@24.12.0':
    dependencies:
      undici-types: 7.16.0

  bun-types@1.3.11:
    dependencies:
      '@types/node': 24.12.0

  denque@2.1.0: {}

  dotenv@16.6.1: {}

  iconv-lite@0.7.2:
    dependencies:
      safer-buffer: 2.1.2

  lru-cache@10.4.3: {}

  mariadb@3.5.2:
    dependencies:
      '@types/geojson': 7946.0.16
      '@types/node': 24.12.0
      denque: 2.1.0
      iconv-lite: 0.7.2
      lru-cache: 10.4.3

  safer-buffer@2.1.2: {}

  typescript@6.0.2: {}

  undici-types@7.16.0: {}
