lockfileVersion: '9.0'

settings:
  autoInstallPeers: true
  excludeLinksFromLockfile: false

importers:

  .:
    dependencies:
      dotenv:
        specifier: ^17.3.1
        version: 17.3.1
      playwright-firefox:
        specifier: ~1.56.1
        version: 1.56.1
      typescript:
        specifier: ^5
        version: 5.9.3
      ~prisma-schemas:
        specifier: workspace:*
        version: link:../../packages/prisma-schemas
    devDependencies:
      '@types/bun':
        specifier: latest
        version: 1.3.11

packages:

  '@types/bun@1.3.11':
    resolution: {integrity: sha512-5vPne5QvtpjGpsGYXiFyycfpDF2ECyPcTSsFBMa0fraoxiQyMJ3SmuQIGhzPg2WJuWxVBoxWJ2kClYTcw/4fAg==}

  '@types/node@25.5.0':
    resolution: {integrity: sha512-jp2P3tQMSxWugkCUKLRPVUpGaL5MVFwF8RDuSRztfwgN1wmqJeMSbKlnEtQqU8UrhTmzEmZdu2I6v2dpp7XIxw==}

  bun-types@1.3.11:
    resolution: {integrity: sha512-1KGPpoxQWl9f6wcZh57LvrPIInQMn2TQ7jsgxqpRzg+l0QPOFvJVH7HmvHo/AiPgwXy+/Thf6Ov3EdVn1vOabg==}

  dotenv@17.3.1:
    resolution: {integrity: sha512-IO8C/dzEb6O3F9/twg6ZLXz164a2fhTnEWb95H23Dm4OuN+92NmEAlTrupP9VW6Jm3sO26tQlqyvyi4CsnY9GA==}
    engines: {node: '>=12'}

  playwright-core@1.56.1:
    resolution: {integrity: sha512-hutraynyn31F+Bifme+Ps9Vq59hKuUCz7H1kDOcBs+2oGguKkWTU50bBWrtz34OUWmIwpBTWDxaRPXrIXkgvmQ==}
    engines: {node: '>=18'}
    hasBin: true

  playwright-firefox@1.56.1:
    resolution: {integrity: sha512-//oekhpDBpSct8r5HiVWVO9CzTnnek5EIp6rOmsOQas1NM3HITBxCUvXnSDno2lygBHhtuqflrO+MQtymy1vdQ==}
    engines: {node: '>=18'}
    hasBin: true

  typescript@5.9.3:
    resolution: {integrity: sha512-jl1vZzPDinLr9eUt3J/t7V6FgNEw9QjvBPdysz9KfQDD41fQrC2Y4vKQdiaUpFT4bXlb1RHhLpp8wtm6M5TgSw==}
    engines: {node: '>=14.17'}
    hasBin: true

  undici-types@7.18.2:
    resolution: {integrity: sha512-AsuCzffGHJybSaRrmr5eHr81mwJU3kjw6M+uprWvCXiNeN9SOGwQ3Jn8jb8m3Z6izVgknn1R0FTCEAP2QrLY/w==}

snapshots:

  '@types/bun@1.3.11':
    dependencies:
      bun-types: 1.3.11

  '@types/node@25.5.0':
    dependencies:
      undici-types: 7.18.2

  bun-types@1.3.11:
    dependencies:
      '@types/node': 25.5.0

  dotenv@17.3.1: {}

  playwright-core@1.56.1: {}

  playwright-firefox@1.56.1:
    dependencies:
      playwright-core: 1.56.1

  typescript@5.9.3: {}

  undici-types@7.18.2: {}
