lockfileVersion: '9.0'

settings:
  autoInstallPeers: true
  excludeLinksFromLockfile: false

importers:

  .:
    devDependencies:
      '@types/bun':
        specifier: ~1.4.2
        version: 1.4.2
      typescript:
        specifier: ^6.0.3
        version: 6.0.3

packages:

  '@types/bun@1.4.2':
    resolution: {integrity: sha512-GimotNn7+ZV0uVArItBbriZsR1oNf0+WTzPkdcFrzShI7k2norL0uzEaJT8T33dWr7O/c9ZDuAFQrctKCi72oQ==}

  '@types/node@26.6.5':
    resolution: {integrity: sha512-uMzsv9stDdofIZBx4UGh4Z9ZgXnGC9seRDscilBcTHAeOFk67MZg/k9bWVfO+bk4qZmG+l52hRnLwUiH2LnJTg==}

  bun-types@1.4.2:
    resolution: {integrity: sha512-bxV1FgK7yBIzjRe5zBozIM4Bem11ZJcCXSrjWRG3YWLt8yFDePu4cLjpebO8OvPeIE9trbyPF4fuj3Cia4Fj3w==}

  typescript@6.0.3:
    resolution: {integrity: sha512-y2TvuxSZPDyQakkFRPZHKFm+KKVqIisdg9/CZwm9ftvKXLP8NRWj38/ODjNbr43SsoXqNuAisEf1GdCxqWcdBw==}
    engines: {node: '>=14.17'}
    hasBin: true

  undici-types@8.9.0:
    resolution: {integrity: sha512-KTDyRTYX8sWmKXAikPHHSyc63CRPETMctyjKFupcC6OBLXT3xsN0e9aF7m+mIXutFWpUXuedtowG7iLOzp0kQg==}

snapshots:

  '@types/bun@1.4.2':
    dependencies:
      bun-types: 1.4.2

  '@types/node@26.6.5':
    dependencies:
      undici-types: 8.9.0

  bun-types@1.4.2:
    dependencies:
      '@types/node': 26.6.5

  typescript@6.0.3: {}

  undici-types@8.9.0: {}
