lockfileVersion: '6.0'

settings:
  autoInstallPeers: true
  excludeLinksFromLockfile: false

dependencies:
  axios-cache-interceptor:
    specifier: ^1.5.1
    version: 1.5.1(axios@1.6.7)
  socket.io-client:
    specifier: ^4.7.4
    version: 4.7.4
  typescript:
    specifier: ^5.3.3
    version: 5.3.3
  vue:
    specifier: ^3.4.15
    version: 3.4.18(typescript@5.3.3)
  ~socket.io-services:
    specifier: workspace:*
    version: link:../socket.io-services

packages:

  /@babel/helper-string-parser@7.23.4:
    resolution: {integrity: sha512-803gmbQdqwdf4olxrX4AJyFBV/RTr3rSmOj0rKwesmzlfhYNDEs+/iOcznzpNWlJlIlTJC2QfPFcHB6DlzdVLQ==}
    engines: {node: '>=6.9.0'}
    dev: false

  /@babel/helper-validator-identifier@7.22.20:
    resolution: {integrity: sha512-Y4OZ+ytlatR8AI+8KZfKuL5urKp7qey08ha31L8b3BwewJAoJamTzyvxPR/5D+KkdJCGPq/+8TukHBlY10FX9A==}
    engines: {node: '>=6.9.0'}
    dev: false

  /@babel/parser@7.23.9:
    resolution: {integrity: sha512-9tcKgqKbs3xGJ+NtKF2ndOBBLVwPjl1SHxPQkd36r3Dlirw3xWUeGaTbqr7uGZcTaxkVNwc+03SVP7aCdWrTlA==}
    engines: {node: '>=6.0.0'}
    hasBin: true
    dependencies:
      '@babel/types': 7.23.9
    dev: false

  /@babel/types@7.23.9:
    resolution: {integrity: sha512-dQjSq/7HaSjRM43FFGnv5keM2HsxpmyV1PfaSVm0nzzjwwTmjOe6J4bC8e3+pTEIgHaHj+1ZlLThRJ2auc/w1Q==}
    engines: {node: '>=6.9.0'}
    dependencies:
      '@babel/helper-string-parser': 7.23.4
      '@babel/helper-validator-identifier': 7.22.20
      to-fast-properties: 2.0.0
    dev: false

  /@jridgewell/sourcemap-codec@1.4.15:
    resolution: {integrity: sha512-eF2rxCRulEKXHTRiDrDy6erMYWqNw4LPdQ8UQA4huuxaQsVeRPFl2oM8oDGxMFhJUWZf9McpLtJasDDZb/Bpeg==}
    dev: false

  /@socket.io/component-emitter@3.1.0:
    resolution: {integrity: sha512-+9jVqKhRSpsc591z5vX+X5Yyw+he/HCB4iQ/RYxw35CEPaY1gnsNE43nf9n9AaYjAQrTiI/mOwKUKdUs9vf7Xg==}
    dev: false

  /@vue/compiler-core@3.4.18:
    resolution: {integrity: sha512-F7YK8lMK0iv6b9/Gdk15A67wM0KKZvxDxed0RR60C1z9tIJTKta+urs4j0RTN5XqHISzI3etN3mX0uHhjmoqjQ==}
    dependencies:
      '@babel/parser': 7.23.9
      '@vue/shared': 3.4.18
      entities: 4.5.0
      estree-walker: 2.0.2
      source-map-js: 1.0.2
    dev: false

  /@vue/compiler-dom@3.4.18:
    resolution: {integrity: sha512-24Eb8lcMfInefvQ6YlEVS18w5Q66f4+uXWVA+yb7praKbyjHRNuKVWGuinfSSjM0ZIiPi++QWukhkgznBaqpEA==}
    dependencies:
      '@vue/compiler-core': 3.4.18
      '@vue/shared': 3.4.18
    dev: false

  /@vue/compiler-sfc@3.4.18:
    resolution: {integrity: sha512-rG5tqtnzwrVpMqAQ7FHtvHaV70G6LLfJIWLYZB/jZ9m/hrnZmIQh+H3ewnC5onwe/ibljm9+ZupxeElzqCkTAw==}
    dependencies:
      '@babel/parser': 7.23.9
      '@vue/compiler-core': 3.4.18
      '@vue/compiler-dom': 3.4.18
      '@vue/compiler-ssr': 3.4.18
      '@vue/shared': 3.4.18
      estree-walker: 2.0.2
      magic-string: 0.30.7
      postcss: 8.4.35
      source-map-js: 1.0.2
    dev: false

  /@vue/compiler-ssr@3.4.18:
    resolution: {integrity: sha512-hSlv20oUhPxo2UYUacHgGaxtqP0tvFo6ixxxD6JlXIkwzwoZ9eKK6PFQN4hNK/R13JlNyldwWt/fqGBKgWJ6nQ==}
    dependencies:
      '@vue/compiler-dom': 3.4.18
      '@vue/shared': 3.4.18
    dev: false

  /@vue/reactivity@3.4.18:
    resolution: {integrity: sha512-7uda2/I0jpLiRygprDo5Jxs2HJkOVXcOMlyVlY54yRLxoycBpwGJRwJT9EdGB4adnoqJDXVT2BilUAYwI7qvmg==}
    dependencies:
      '@vue/shared': 3.4.18
    dev: false

  /@vue/runtime-core@3.4.18:
    resolution: {integrity: sha512-7mU9diCa+4e+8/wZ7Udw5pwTH10A11sZ1nldmHOUKJnzCwvZxfJqAtw31mIf4T5H2FsLCSBQT3xgioA9vIjyDQ==}
    dependencies:
      '@vue/reactivity': 3.4.18
      '@vue/shared': 3.4.18
    dev: false

  /@vue/runtime-dom@3.4.18:
    resolution: {integrity: sha512-2y1Mkzcw1niSfG7z3Qx+2ir9Gb4hdTkZe5p/I8x1aTIKQE0vY0tPAEUPhZm5tx6183gG3D/KwHG728UR0sIufA==}
    dependencies:
      '@vue/runtime-core': 3.4.18
      '@vue/shared': 3.4.18
      csstype: 3.1.3
    dev: false

  /@vue/server-renderer@3.4.18(vue@3.4.18):
    resolution: {integrity: sha512-YJd1wa7mzUN3NRqLEsrwEYWyO+PUBSROIGlCc3J/cvn7Zu6CxhNLgXa8Z4zZ5ja5/nviYO79J1InoPeXgwBTZA==}
    peerDependencies:
      vue: 3.4.18
    dependencies:
      '@vue/compiler-ssr': 3.4.18
      '@vue/shared': 3.4.18
      vue: 3.4.18(typescript@5.3.3)
    dev: false

  /@vue/shared@3.4.18:
    resolution: {integrity: sha512-CxouGFxxaW5r1WbrSmWwck3No58rApXgRSBxrqgnY1K+jk20F6DrXJkHdH9n4HVT+/B6G2CAn213Uq3npWiy8Q==}
    dev: false

  /asynckit@0.4.0:
    resolution: {integrity: sha512-Oei9OH4tRh0YqU3GxhX79dM/mwVgvbZJaSNaRk+bshkj0S5cfHcgYakreBjrHwatXKbz+IoIdYLxrKim2MjW0Q==}
    dev: false

  /axios-cache-interceptor@1.5.1(axios@1.6.7):
    resolution: {integrity: sha512-1p/rTi7DSqUghJ5Ck8GKNt47X6f3IB8XnJ+TM4PwIdhimmCgh0jEQiwI8mBvf2kIMIl4Kz5idwbf/ouK75nEHA==}
    engines: {node: '>=12'}
    requiresBuild: true
    peerDependencies:
      axios: ^1
    dependencies:
      axios: 1.6.7
      cache-parser: 1.2.4
      fast-defer: 1.1.8
      object-code: 1.3.2
    dev: false

  /axios@1.6.7:
    resolution: {integrity: sha512-/hDJGff6/c7u0hDkvkGxR/oy6CbCs8ziCsC7SqmhjfozqiJGc8Z11wrv9z9lYfY4K8l+H9TpjcMDX0xOZmx+RA==}
    dependencies:
      follow-redirects: 1.15.5
      form-data: 4.0.0
      proxy-from-env: 1.1.0
    transitivePeerDependencies:
      - debug
    dev: false

  /cache-parser@1.2.4:
    resolution: {integrity: sha512-O0KwuHuJnbHUrghHi2kGp0SxnWSIBXTYt7M8WVhW0kbPRUNUKoE/Of6e1rRD6AAxmfxFunKnt90yEK09D+sc5g==}
    requiresBuild: true
    dev: false

  /combined-stream@1.0.8:
    resolution: {integrity: sha512-FQN4MRfuJeHf7cBbBMJFXhKSDq+2kAArBlmRBvcvFE5BB1HZKXtSFASDhdlz9zOYwxh8lDdnvmMOe/+5cdoEdg==}
    engines: {node: '>= 0.8'}
    dependencies:
      delayed-stream: 1.0.0
    dev: false

  /csstype@3.1.3:
    resolution: {integrity: sha512-M1uQkMl8rQK/szD0LNhtqxIPLpimGm8sOBwU7lLnCpSbTyY3yeU1Vc7l4KT5zT4s/yOxHH5O7tIuuLOCnLADRw==}
    dev: false

  /debug@4.3.4:
    resolution: {integrity: sha512-PRWFHuSU3eDtQJPvnNY7Jcket1j0t5OuOsFzPPzsekD52Zl8qUfFIPEiswXqIvHWGVHOgX+7G/vCNNhehwxfkQ==}
    engines: {node: '>=6.0'}
    peerDependencies:
      supports-color: '*'
    peerDependenciesMeta:
      supports-color:
        optional: true
    dependencies:
      ms: 2.1.2
    dev: false

  /delayed-stream@1.0.0:
    resolution: {integrity: sha512-ZySD7Nf91aLB0RxL4KGrKHBXl7Eds1DAmEdcoVawXnLD7SDhpNgtuII2aAkg7a7QS41jxPSZ17p4VdGnMHk3MQ==}
    engines: {node: '>=0.4.0'}
    dev: false

  /engine.io-client@6.5.3:
    resolution: {integrity: sha512-9Z0qLB0NIisTRt1DZ/8U2k12RJn8yls/nXMZLn+/N8hANT3TcYjKFKcwbw5zFQiN4NTde3TSY9zb79e1ij6j9Q==}
    dependencies:
      '@socket.io/component-emitter': 3.1.0
      debug: 4.3.4
      engine.io-parser: 5.2.2
      ws: 8.11.0
      xmlhttprequest-ssl: 2.0.0
    transitivePeerDependencies:
      - bufferutil
      - supports-color
      - utf-8-validate
    dev: false

  /engine.io-parser@5.2.2:
    resolution: {integrity: sha512-RcyUFKA93/CXH20l4SoVvzZfrSDMOTUS3bWVpTt2FuFP+XYrL8i8oonHP7WInRyVHXh0n/ORtoeiE1os+8qkSw==}
    engines: {node: '>=10.0.0'}
    dev: false

  /entities@4.5.0:
    resolution: {integrity: sha512-V0hjH4dGPh9Ao5p0MoRY6BVqtwCjhz6vI5LT8AJ55H+4g9/4vbHx1I54fS0XuclLhDHArPQCiMjDxjaL8fPxhw==}
    engines: {node: '>=0.12'}
    dev: false

  /estree-walker@2.0.2:
    resolution: {integrity: sha512-Rfkk/Mp/DL7JVje3u18FxFujQlTNR2q6QfMSMB7AvCBx91NGj/ba3kCfza0f6dVDbw7YlRf/nDrn7pQrCCyQ/w==}
    dev: false

  /fast-defer@1.1.8:
    resolution: {integrity: sha512-lEJeOH5VL5R09j6AA0D4Uvq7AgsHw0dAImQQ+F3iSyHZuAxyQfWobsagGpTcOPvJr3urmKRHrs+Gs9hV+/Qm/Q==}
    requiresBuild: true
    dev: false

  /follow-redirects@1.15.5:
    resolution: {integrity: sha512-vSFWUON1B+yAw1VN4xMfxgn5fTUiaOzAJCKBwIIgT/+7CuGy9+r+5gITvP62j3RmaD5Ph65UaERdOSRGUzZtgw==}
    engines: {node: '>=4.0'}
    peerDependencies:
      debug: '*'
    peerDependenciesMeta:
      debug:
        optional: true
    dev: false

  /form-data@4.0.0:
    resolution: {integrity: sha512-ETEklSGi5t0QMZuiXoA/Q6vcnxcLQP5vdugSpuAyi6SVGi2clPPp+xgEhuMaHC+zGgn31Kd235W35f7Hykkaww==}
    engines: {node: '>= 6'}
    dependencies:
      asynckit: 0.4.0
      combined-stream: 1.0.8
      mime-types: 2.1.35
    dev: false

  /magic-string@0.30.7:
    resolution: {integrity: sha512-8vBuFF/I/+OSLRmdf2wwFCJCz+nSn0m6DPvGH1fS/KiQoSaR+sETbov0eIk9KhEKy8CYqIkIAnbohxT/4H0kuA==}
    engines: {node: '>=12'}
    dependencies:
      '@jridgewell/sourcemap-codec': 1.4.15
    dev: false

  /mime-db@1.52.0:
    resolution: {integrity: sha512-sPU4uV7dYlvtWJxwwxHD0PuihVNiE7TyAbQ5SWxDCB9mUYvOgroQOwYQQOKPJ8CIbE+1ETVlOoK1UC2nU3gYvg==}
    engines: {node: '>= 0.6'}
    dev: false

  /mime-types@2.1.35:
    resolution: {integrity: sha512-ZDY+bPm5zTTF+YpCrAU9nK0UgICYPT0QtT1NZWFv4s++TNkcgVaT0g6+4R2uI4MjQjzysHB1zxuWL50hzaeXiw==}
    engines: {node: '>= 0.6'}
    dependencies:
      mime-db: 1.52.0
    dev: false

  /ms@2.1.2:
    resolution: {integrity: sha512-sGkPx+VjMtmA6MX27oA4FBFELFCZZ4S4XqeGOXCv68tT+jb3vk/RyaKWP0PTKyWtmLSM0b+adUTEvbs1PEaH2w==}
    dev: false

  /nanoid@3.3.7:
    resolution: {integrity: sha512-eSRppjcPIatRIMC1U6UngP8XFcz8MQWGQdt1MTBQ7NaAmvXDfvNxbvWV3x2y6CdEUciCSsDHDQZbhYaB8QEo2g==}
    engines: {node: ^10 || ^12 || ^13.7 || ^14 || >=15.0.1}
    hasBin: true
    dev: false

  /object-code@1.3.2:
    resolution: {integrity: sha512-3CVDmQiru7YYVr+4OpCGrqkVE7GogmWinDcgfno1fXlKgIhtW9FhgHTiV98gMPUjQwWuWvijQDCY8sGnqKrhTw==}
    requiresBuild: true
    dev: false

  /picocolors@1.0.0:
    resolution: {integrity: sha512-1fygroTLlHu66zi26VoTDv8yRgm0Fccecssto+MhsZ0D/DGW2sm8E8AjW7NU5VVTRt5GxbeZ5qBuJr+HyLYkjQ==}
    dev: false

  /postcss@8.4.35:
    resolution: {integrity: sha512-u5U8qYpBCpN13BsiEB0CbR1Hhh4Gc0zLFuedrHJKMctHCHAGrMdG0PRM/KErzAL3CU6/eckEtmHNB3x6e3c0vA==}
    engines: {node: ^10 || ^12 || >=14}
    dependencies:
      nanoid: 3.3.7
      picocolors: 1.0.0
      source-map-js: 1.0.2
    dev: false

  /proxy-from-env@1.1.0:
    resolution: {integrity: sha512-D+zkORCbA9f1tdWRK0RaCR3GPv50cMxcrz4X8k5LTSUD1Dkw47mKJEZQNunItRTkWwgtaUSo1RVFRIG9ZXiFYg==}
    dev: false

  /socket.io-client@4.7.4:
    resolution: {integrity: sha512-wh+OkeF0rAVCrABWQBaEjLfb7DVPotMbu0cgWgyR0v6eA4EoVnAwcIeIbcdTE3GT/H3kbdLl7OoH2+asoDRIIg==}
    engines: {node: '>=10.0.0'}
    dependencies:
      '@socket.io/component-emitter': 3.1.0
      debug: 4.3.4
      engine.io-client: 6.5.3
      socket.io-parser: 4.2.4
    transitivePeerDependencies:
      - bufferutil
      - supports-color
      - utf-8-validate
    dev: false

  /socket.io-parser@4.2.4:
    resolution: {integrity: sha512-/GbIKmo8ioc+NIWIhwdecY0ge+qVBSMdgxGygevmdHj24bsfgtCmcUUcQ5ZzcylGFHsN3k4HB4Cgkl96KVnuew==}
    engines: {node: '>=10.0.0'}
    dependencies:
      '@socket.io/component-emitter': 3.1.0
      debug: 4.3.4
    transitivePeerDependencies:
      - supports-color
    dev: false

  /source-map-js@1.0.2:
    resolution: {integrity: sha512-R0XvVJ9WusLiqTCEiGCmICCMplcCkIwwR11mOSD9CR5u+IXYdiseeEuXCVAjS54zqwkLcPNnmU4OeJ6tUrWhDw==}
    engines: {node: '>=0.10.0'}
    dev: false

  /to-fast-properties@2.0.0:
    resolution: {integrity: sha512-/OaKK0xYrs3DmxRYqL/yDc+FxFUVYhDlXMhRmv3z915w2HF1tnN1omB354j8VUGO/hbRzyD6Y3sA7v7GS/ceog==}
    engines: {node: '>=4'}
    dev: false

  /typescript@5.3.3:
    resolution: {integrity: sha512-pXWcraxM0uxAS+tN0AG/BF2TyqmHO014Z070UsJ+pFvYuRSq8KH8DmWpnbXe0pEPDHXZV3FcAbJkijJ5oNEnWw==}
    engines: {node: '>=14.17'}
    hasBin: true
    dev: false

  /vue@3.4.18(typescript@5.3.3):
    resolution: {integrity: sha512-0zLRYamFRe0wF4q2L3O24KQzLyLpL64ye1RUToOgOxuWZsb/FhaNRdGmeozdtVYLz6tl94OXLaK7/WQIrVCw1A==}
    peerDependencies:
      typescript: '*'
    peerDependenciesMeta:
      typescript:
        optional: true
    dependencies:
      '@vue/compiler-dom': 3.4.18
      '@vue/compiler-sfc': 3.4.18
      '@vue/runtime-dom': 3.4.18
      '@vue/server-renderer': 3.4.18(vue@3.4.18)
      '@vue/shared': 3.4.18
      typescript: 5.3.3
    dev: false

  /ws@8.11.0:
    resolution: {integrity: sha512-HPG3wQd9sNQoT9xHyNCXoDUa+Xw/VevmY9FoHyQ+g+rrMn4j6FB4np7Z0OhdTgjx6MgQLK7jwSy1YecU1+4Asg==}
    engines: {node: '>=10.0.0'}
    peerDependencies:
      bufferutil: ^4.0.1
      utf-8-validate: ^5.0.2
    peerDependenciesMeta:
      bufferutil:
        optional: true
      utf-8-validate:
        optional: true
    dev: false

  /xmlhttprequest-ssl@2.0.0:
    resolution: {integrity: sha512-QKxVRxiRACQcVuQEYFsI1hhkrMlrXHPegbbd1yn9UHOmRxY+si12nQYzri3vbzt8VdTTRviqcKxcyllFas5z2A==}
    engines: {node: '>=0.4.0'}
    dev: false
