lockfileVersion: '9.0'

settings:
  autoInstallPeers: true
  excludeLinksFromLockfile: false

importers:

  .:
    dependencies:
      csv-generate:
        specifier: ^4.4.1
        version: 4.4.1
      csv-parse:
        specifier: ^5.5.6
        version: 5.5.6
      mariadb:
        specifier: ^3.3.1
        version: 3.3.1
    devDependencies:
      '@types/bun':
        specifier: latest
        version: 1.1.6
      '@types/node':
        specifier: ^18.0.0
        version: 18.19.39
      typescript:
        specifier: ^5.5.3
        version: 5.5.3

packages:

  '@types/bun@1.1.6':
    resolution: {integrity: sha512-uJgKjTdX0GkWEHZzQzFsJkWp5+43ZS7HC8sZPFnOwnSo1AsNl2q9o2bFeS23disNDqbggEgyFkKCHl/w8iZsMA==}

  '@types/geojson@7946.0.14':
    resolution: {integrity: sha512-WCfD5Ht3ZesJUsONdhvm84dmzWOiOzOAqOncN0++w0lBw1o8OuDNJF2McvvCef/yBqb/HYRahp1BYtODFQ8bRg==}

  '@types/node@18.19.39':
    resolution: {integrity: sha512-nPwTRDKUctxw3di5b4TfT3I0sWDiWoPQCZjXhvdkINntwr8lcoVCKsTgnXeRubKIlfnV+eN/HYk6Jb40tbcEAQ==}

  '@types/node@20.12.14':
    resolution: {integrity: sha512-scnD59RpYD91xngrQQLGkE+6UrHUPzeKZWhhjBSa3HSkwjbQc38+q3RoIVEwxQGRw3M+j5hpNAM+lgV3cVormg==}

  '@types/node@20.14.10':
    resolution: {integrity: sha512-MdiXf+nDuMvY0gJKxyfZ7/6UFsETO7mGKF54MVD/ekJS6HdFtpZFBgrh6Pseu64XTb2MLyFPlbW6hj8HYRQNOQ==}

  '@types/ws@8.5.10':
    resolution: {integrity: sha512-vmQSUcfalpIq0R9q7uTo2lXs6eGIpt9wtnLdMv9LVpIjCA/+ufZRozlVoVelIYixx1ugCBKDhn89vnsEGOCx9A==}

  bun-types@1.1.17:
    resolution: {integrity: sha512-Z4+OplcSd/YZq7ZsrfD00DKJeCwuNY96a1IDJyR73+cTBaFIS7SC6LhpY/W3AMEXO9iYq5NJ58WAwnwL1p5vKg==}

  csv-generate@4.4.1:
    resolution: {integrity: sha512-O/einO0v4zPmXaOV+sYqGa02VkST4GP5GLpWBNHEouIU7pF3kpGf3D0kCCvX82ydIY4EKkOK+R8b1BYsRXravg==}

  csv-parse@5.5.6:
    resolution: {integrity: sha512-uNpm30m/AGSkLxxy7d9yRXpJQFrZzVWLFBkS+6ngPcZkw/5k3L/jjFuj7tVnEpRn+QgmiXr21nDlhCiUK4ij2A==}

  denque@2.1.0:
    resolution: {integrity: sha512-HVQE3AAb/pxF8fQAoiqpvg9i3evqug3hoiwakOyZAwJm+6vZehbkYXZ0l4JxS+I3QxM97v5aaRNhj8v5oBhekw==}
    engines: {node: '>=0.10'}

  iconv-lite@0.6.3:
    resolution: {integrity: sha512-4fCk79wshMdzMp2rH06qWrJE4iolqLhCUH+OiuIgU++RB0+94NlDL81atO7GX55uUKueo0txHNtvEyI6D7WdMw==}
    engines: {node: '>=0.10.0'}

  lru-cache@10.3.1:
    resolution: {integrity: sha512-9/8QXrtbGeMB6LxwQd4x1tIMnsmUxMvIH/qWGsccz6bt9Uln3S+sgAaqfQNhbGA8ufzs2fHuP/yqapGgP9Hh2g==}
    engines: {node: '>=18'}

  mariadb@3.3.1:
    resolution: {integrity: sha512-L8bh4iuZU3J8H7Co7rQ6OY9FDLItAN1rGy8kPA7Dyxo8AiHADuuONoypKKp1pE09drs6e5LR7UW9luLZ/A4znA==}
    engines: {node: '>= 14'}

  safer-buffer@2.1.2:
    resolution: {integrity: sha512-YZo3K82SD7Riyi0E1EQPojLz7kpepnSQI9IyPbHHg1XXXevb5dJI7tpyN2ADxGcQbHG7vcyRHk0cbwqcQriUtg==}

  typescript@5.5.3:
    resolution: {integrity: sha512-/hreyEujaB0w76zKo6717l3L0o/qEUtRgdvUBvlkhoWeOVMjMuHNHk0BRBzikzuGDqNmPQbg5ifMEqsHLiIUcQ==}
    engines: {node: '>=14.17'}
    hasBin: true

  undici-types@5.26.5:
    resolution: {integrity: sha512-JlCMO+ehdEIKqlFxk6IfVoAUVmgz7cU7zD/h9XZ0qzeosSHmUJVOzSQvvYSYWXkFXC+IfLKSIffhv0sVZup6pA==}

snapshots:

  '@types/bun@1.1.6':
    dependencies:
      bun-types: 1.1.17

  '@types/geojson@7946.0.14': {}

  '@types/node@18.19.39':
    dependencies:
      undici-types: 5.26.5

  '@types/node@20.12.14':
    dependencies:
      undici-types: 5.26.5

  '@types/node@20.14.10':
    dependencies:
      undici-types: 5.26.5

  '@types/ws@8.5.10':
    dependencies:
      '@types/node': 18.19.39

  bun-types@1.1.17:
    dependencies:
      '@types/node': 20.12.14
      '@types/ws': 8.5.10

  csv-generate@4.4.1: {}

  csv-parse@5.5.6: {}

  denque@2.1.0: {}

  iconv-lite@0.6.3:
    dependencies:
      safer-buffer: 2.1.2

  lru-cache@10.3.1: {}

  mariadb@3.3.1:
    dependencies:
      '@types/geojson': 7946.0.14
      '@types/node': 20.14.10
      denque: 2.1.0
      iconv-lite: 0.6.3
      lru-cache: 10.3.1

  safer-buffer@2.1.2: {}

  typescript@5.5.3: {}

  undici-types@5.26.5: {}
