PODS:
  - Alamofire (5.10.2)
  - BigInt (5.2.0)
  - Capacitor (7.6.1):
    - CapacitorCordova
  - CapacitorApp (7.1.2):
    - Capacitor
  - CapacitorCamera (7.0.5):
    - Capacitor
  - CapacitorClipboard (7.0.4):
    - Capacitor
  - CapacitorCordova (7.6.1)
  - CapacitorDevice (7.0.5):
    - Capacitor
  - CapacitorHaptics (7.0.4):
    - Capacitor
  - CapacitorKeyboard (7.0.6):
    - Capacitor
  - CapacitorPreferences (7.0.4):
    - Capacitor
  - CapacitorStatusBar (7.0.6):
    - Capacitor
  - CapawesomeCapacitorAppUpdate (7.2.0):
    - Capacitor
  - CapawesomeCapacitorFilePicker (7.2.0):
    - Capacitor
  - CapgoCameraPreview (7.26.4):
    - Capacitor
  - CapgoCapacitorUpdater (7.39.0):
    - Alamofire (= 5.10.2)
    - BigInt (= 5.2.0)
    - Capacitor
    - SSZipArchive (= 2.4.3)
    - Version (= 0.8.0)
  - Sentry/HybridSDK (8.56.2)
  - SentryCapacitor (2.4.1):
    - Capacitor
    - Sentry/HybridSDK (= 8.56.2)
  - SSZipArchive (2.4.3)
  - Version (0.8.0)

DEPENDENCIES:
  - "Capacitor (from `../../node_modules/.pnpm/@capacitor+ios@7.6.1_@capacitor+core@7.6.1/node_modules/@capacitor/ios`)"
  - "CapacitorApp (from `../../node_modules/.pnpm/@capacitor+app@7.1.2_@capacitor+core@7.6.1/node_modules/@capacitor/app`)"
  - "CapacitorCamera (from `../../node_modules/.pnpm/@capacitor+camera@7.0.5_@capacitor+core@7.6.1/node_modules/@capacitor/camera`)"
  - "CapacitorClipboard (from `../../node_modules/.pnpm/@capacitor+clipboard@7.0.4_@capacitor+core@7.6.1/node_modules/@capacitor/clipboard`)"
  - "CapacitorCordova (from `../../node_modules/.pnpm/@capacitor+ios@7.6.1_@capacitor+core@7.6.1/node_modules/@capacitor/ios`)"
  - "CapacitorDevice (from `../../node_modules/.pnpm/@capacitor+device@7.0.5_@capacitor+core@7.6.1/node_modules/@capacitor/device`)"
  - "CapacitorHaptics (from `../../node_modules/.pnpm/@capacitor+haptics@7.0.4_@capacitor+core@7.6.1/node_modules/@capacitor/haptics`)"
  - "CapacitorKeyboard (from `../../node_modules/.pnpm/@capacitor+keyboard@7.0.6_@capacitor+core@7.6.1/node_modules/@capacitor/keyboard`)"
  - "CapacitorPreferences (from `../../node_modules/.pnpm/@capacitor+preferences@7.0.4_@capacitor+core@7.6.1/node_modules/@capacitor/preferences`)"
  - "CapacitorStatusBar (from `../../node_modules/.pnpm/@capacitor+status-bar@7.0.6_@capacitor+core@7.6.1/node_modules/@capacitor/status-bar`)"
  - "CapawesomeCapacitorAppUpdate (from `../../node_modules/.pnpm/@capawesome+capacitor-app-update@7.2.0_@capacitor+core@7.6.1/node_modules/@capawesome/capacitor-app-update`)"
  - "CapawesomeCapacitorFilePicker (from `../../node_modules/.pnpm/@capawesome+capacitor-file-picker@7.2.0_@capacitor+core@7.6.1/node_modules/@capawesome/capacitor-file-picker`)"
  - "CapgoCameraPreview (from `../../node_modules/.pnpm/@capgo+camera-preview@7.26.4_@capacitor+core@7.6.1/node_modules/@capgo/camera-preview`)"
  - "CapgoCapacitorUpdater (from `../../node_modules/.pnpm/@capgo+capacitor-updater@7.39.0_@capacitor+core@7.6.1/node_modules/@capgo/capacitor-updater`)"
  - "SentryCapacitor (from `../../node_modules/.pnpm/@sentry+capacitor@2.4.1_@capacitor+core@7.6.1_@sentry+vue@9.46.0_pinia@3.0.4_typescript@5.9.3_umuefntmqw6nguhu3n4gmosb3a/node_modules/@sentry/capacitor`)"

SPEC REPOS:
  trunk:
    - Alamofire
    - BigInt
    - Sentry
    - SSZipArchive
    - Version

EXTERNAL SOURCES:
  Capacitor:
    :path: "../../node_modules/.pnpm/@capacitor+ios@7.6.1_@capacitor+core@7.6.1/node_modules/@capacitor/ios"
  CapacitorApp:
    :path: "../../node_modules/.pnpm/@capacitor+app@7.1.2_@capacitor+core@7.6.1/node_modules/@capacitor/app"
  CapacitorCamera:
    :path: "../../node_modules/.pnpm/@capacitor+camera@7.0.5_@capacitor+core@7.6.1/node_modules/@capacitor/camera"
  CapacitorClipboard:
    :path: "../../node_modules/.pnpm/@capacitor+clipboard@7.0.4_@capacitor+core@7.6.1/node_modules/@capacitor/clipboard"
  CapacitorCordova:
    :path: "../../node_modules/.pnpm/@capacitor+ios@7.6.1_@capacitor+core@7.6.1/node_modules/@capacitor/ios"
  CapacitorDevice:
    :path: "../../node_modules/.pnpm/@capacitor+device@7.0.5_@capacitor+core@7.6.1/node_modules/@capacitor/device"
  CapacitorHaptics:
    :path: "../../node_modules/.pnpm/@capacitor+haptics@7.0.4_@capacitor+core@7.6.1/node_modules/@capacitor/haptics"
  CapacitorKeyboard:
    :path: "../../node_modules/.pnpm/@capacitor+keyboard@7.0.6_@capacitor+core@7.6.1/node_modules/@capacitor/keyboard"
  CapacitorPreferences:
    :path: "../../node_modules/.pnpm/@capacitor+preferences@7.0.4_@capacitor+core@7.6.1/node_modules/@capacitor/preferences"
  CapacitorStatusBar:
    :path: "../../node_modules/.pnpm/@capacitor+status-bar@7.0.6_@capacitor+core@7.6.1/node_modules/@capacitor/status-bar"
  CapawesomeCapacitorAppUpdate:
    :path: "../../node_modules/.pnpm/@capawesome+capacitor-app-update@7.2.0_@capacitor+core@7.6.1/node_modules/@capawesome/capacitor-app-update"
  CapawesomeCapacitorFilePicker:
    :path: "../../node_modules/.pnpm/@capawesome+capacitor-file-picker@7.2.0_@capacitor+core@7.6.1/node_modules/@capawesome/capacitor-file-picker"
  CapgoCameraPreview:
    :path: "../../node_modules/.pnpm/@capgo+camera-preview@7.26.4_@capacitor+core@7.6.1/node_modules/@capgo/camera-preview"
  CapgoCapacitorUpdater:
    :path: "../../node_modules/.pnpm/@capgo+capacitor-updater@7.39.0_@capacitor+core@7.6.1/node_modules/@capgo/capacitor-updater"
  SentryCapacitor:
    :path: "../../node_modules/.pnpm/@sentry+capacitor@2.4.1_@capacitor+core@7.6.1_@sentry+vue@9.46.0_pinia@3.0.4_typescript@5.9.3_umuefntmqw6nguhu3n4gmosb3a/node_modules/@sentry/capacitor"

SPEC CHECKSUMS:
  Alamofire: 7193b3b92c74a07f85569e1a6c4f4237291e7496
  BigInt: f668a80089607f521586bbe29513d708491ef2f7
  Capacitor: 010c9f7d07a41de8c8666213e32805c4d9fbd2a4
  CapacitorApp: 6b89831465d6bc99bc89779b1b7f5327e33011ce
  CapacitorCamera: fdbf24f93bc44ca13c4209866368a1972349d3d2
  CapacitorClipboard: 9779d5e2f766d501d8c90e0f0f689abd293efc2f
  CapacitorCordova: 6ab7337f25a2c9ce7a3fdc2f249c480f447853e0
  CapacitorDevice: 12b136398a320a395ddc8d227ab532848058d796
  CapacitorHaptics: f3970ecc1f07b13fd2ffe12ffc5fc98d4f48d6a2
  CapacitorKeyboard: c94c84755e1500d2c6dccd74bad018bb359e3543
  CapacitorPreferences: d82a7e3b95fcab43a553268b803356522910d153
  CapacitorStatusBar: a3acb591ff56301e28aa1a01791ba74a8e1faabb
  CapawesomeCapacitorAppUpdate: deee9aa6bd4d1a2167a000e5008f71adc3cb1b73
  CapawesomeCapacitorFilePicker: 005c33082078c1dd528ba9204aa49e97d62b68b7
  CapgoCameraPreview: 16ffdb75407581f45d687c50176b0503e5afcde5
  CapgoCapacitorUpdater: 56ac73bb9fd468f0aa5c97a8bd42e6e049b93693
  Sentry: b53951377b78e21a734f5dc8318e333dbfc682d7
  SentryCapacitor: 5c982d1e23a6451685ff2013604a61e8736d61df
  SSZipArchive: fe6a26b2a54d5a0890f2567b5cc6de5caa600aef
  Version: de5907f2c5d0f3cf21708db7801d1d5401139486

PODFILE CHECKSUM: 1a72a7d9d7836d18cf964ae3070a24dc62e63208

COCOAPODS: 1.16.2
